
Microsoft Visual Studio Solution File, Format Version 12.00
# Visual Studio Version 17
VisualStudioVersion = 17.5.002.0
MinimumVisualStudioVersion = 10.0.40219.1
Project("{9A19103F-16F7-4668-BE54-9A1E7A4F7556}") = "gitqool", "gitqool.csproj", "{9C37969C-D6CE-4935-9D77-2C4860305EE5}"
EndProject
Global
	GlobalSection(SolutionConfigurationPlatforms) = preSolution
		Debug|Any CPU = Debug|Any CPU
		Release|Any CPU = Release|Any CPU
	EndGlobalSection
	GlobalSection(ProjectConfigurationPlatforms) = postSolution
		{9C37969C-D6CE-4935-9D77-2C4860305EE5}.Debug|Any CPU.ActiveCfg = Debug|Any CPU
		{9C37969C-D6CE-4935-9D77-2C4860305EE5}.Debug|Any CPU.Build.0 = Debug|Any CPU
		{9C37969C-D6CE-4935-9D77-2C4860305EE5}.Release|Any CPU.ActiveCfg = Release|Any CPU
		{9C37969C-D6CE-4935-9D77-2C4860305EE5}.Release|Any CPU.Build.0 = Release|Any CPU
	EndGlobalSection
	GlobalSection(SolutionProperties) = preSolution
		HideSolutionNode = FALSE
	EndGlobalSection
	GlobalSection(ExtensibilityGlobals) = postSolution
		SolutionGuid = {5E5A3852-B3EB-43A6-94EF-DC6D3DBD6CD8}
	EndGlobalSection
EndGlobal
